
Microsoft Visual Studio Solution File, Format Version 12.00
# Visual Studio 15
VisualStudioVersion = 15.0.27130.2036
MinimumVisualStudioVersion = 10.0.40219.1
Project("{FAE04EC0-301F-11D3-BF4B-00C04F79EFBC}") = "WindowsFormsApp3", "WindowsFormsApp3\WindowsFormsApp3.csproj", "{28459ED1-C1B2-4ED3-99C4-851989ED8BE1}"
EndProject
Global
	GlobalSection(SolutionConfigurationPlatforms) = preSolution
		Debug|Any CPU = Debug|Any CPU
		Release|Any CPU = Release|Any CPU
	EndGlobalSection
	GlobalSection(ProjectConfigurationPlatforms) = postSolution
		{28459ED1-C1B2-4ED3-99C4-851989ED8BE1}.Debug|Any CPU.ActiveCfg = Debug|Any CPU
		{28459ED1-C1B2-4ED3-99C4-851989ED8BE1}.Debug|Any CPU.Build.0 = Debug|Any CPU
		{28459ED1-C1B2-4ED3-99C4-851989ED8BE1}.Release|Any CPU.ActiveCfg = Release|Any CPU
		{28459ED1-C1B2-4ED3-99C4-851989ED8BE1}.Release|Any CPU.Build.0 = Release|Any CPU
	EndGlobalSection
	GlobalSection(SolutionProperties) = preSolution
		HideSolutionNode = FALSE
	EndGlobalSection
	GlobalSection(ExtensibilityGlobals) = postSolution
		SolutionGuid = {98AE6E69-07FD-4EBE-B556-4DAC8CBE64E8}
	EndGlobalSection
EndGlobal
